# THIS IS AN AUTOGENERATED FILE. DO NOT EDIT THIS FILE DIRECTLY.
# yarn lockfile v1


"@tauri-apps/api@^2.11.0":
  "integrity" "sha512-7CinYODhky9lmO23xHnUFv0Xt43fbtWMyxZcLcRBlFkcgXKuEirBvHpmtJ89YMhyeGcq20Wuc47Fa4XjyniywA=="
  "resolved" "https://registry.npmjs.org/@tauri-apps/api/-/api-2.11.0.tgz"
  "version" "2.11.0"

"@tauri-apps/cli-darwin-arm64@2.11.2":
  "integrity" "sha1-YGaATQZVan99oG/FmRrYdnITQ48="
  "resolved" "http://r.npm.sankuai.com/@tauri-apps/cli-darwin-arm64/download/@tauri-apps/cli-darwin-arm64-2.11.2.tgz"
  "version" "2.11.2"

"@tauri-apps/cli@^2.11.2":
  "integrity" "sha1-HhoRImPIoASirsukh09CF1c+dO8="
  "resolved" "http://r.npm.sankuai.com/@tauri-apps/cli/download/@tauri-apps/cli-2.11.2.tgz"
  "version" "2.11.2"
  optionalDependencies:
    "@tauri-apps/cli-darwin-arm64" "2.11.2"
    "@tauri-apps/cli-darwin-x64" "2.11.2"
    "@tauri-apps/cli-linux-arm-gnueabihf" "2.11.2"
    "@tauri-apps/cli-linux-arm64-gnu" "2.11.2"
    "@tauri-apps/cli-linux-arm64-musl" "2.11.2"
    "@tauri-apps/cli-linux-riscv64-gnu" "2.11.2"
    "@tauri-apps/cli-linux-x64-gnu" "2.11.2"
    "@tauri-apps/cli-linux-x64-musl" "2.11.2"
    "@tauri-apps/cli-win32-arm64-msvc" "2.11.2"
    "@tauri-apps/cli-win32-ia32-msvc" "2.11.2"
    "@tauri-apps/cli-win32-x64-msvc" "2.11.2"
